
Microsoft Visual Studio Solution File, Format Version 12.00
# Visual Studio Version 16
VisualStudioVersion = 16.0.29306.81
MinimumVisualStudioVersion = 10.0.40219.1
Project("{FAE04EC0-301F-11D3-BF4B-00C04F79EFBC}") = "isinglass", "isinglass.csproj", "{F4F01BA5-EDCA-400A-8AA4-004D08063071}"
EndProject
Global
	GlobalSection(SolutionConfigurationPlatforms) = preSolution
		Debug|Any CPU = Debug|Any CPU
		Release|Any CPU = Release|Any CPU
	EndGlobalSection
	GlobalSection(ProjectConfigurationPlatforms) = postSolution
		{F4F01BA5-EDCA-400A-8AA4-004D08063071}.Debug|Any CPU.ActiveCfg = Debug|Any CPU
		{F4F01BA5-EDCA-400A-8AA4-004D08063071}.Debug|Any CPU.Build.0 = Debug|Any CPU
		{F4F01BA5-EDCA-400A-8AA4-004D08063071}.Release|Any CPU.ActiveCfg = Release|Any CPU
		{F4F01BA5-EDCA-400A-8AA4-004D08063071}.Release|Any CPU.Build.0 = Release|Any CPU
	EndGlobalSection
	GlobalSection(SolutionProperties) = preSolution
		HideSolutionNode = FALSE
	EndGlobalSection
	GlobalSection(ExtensibilityGlobals) = postSolution
		SolutionGuid = {3E913CCC-A042-44DC-ACBA-E9C4296AF2D4}
	EndGlobalSection
EndGlobal
